
Microsoft Visual Studio Solution File, Format Version 12.00
# Visual Studio Version 17
VisualStudioVersion = 17.4.33205.214
MinimumVisualStudioVersion = 10.0.40219.1
Project("{FAE04EC0-301F-11D3-BF4B-00C04F79EFBC}") = "Al-Tayee", "Al-Tayee.csproj", "{13ACE922-4E36-454A-8174-1684E28676A0}"
EndProject
Project("{2150E333-8FDC-42A3-9474-1A3956D46DE8}") = "Layers", "Layers", "{BBAAA0BD-8E12-47CF-A8E3-E5900444A116}"
EndProject
Project("{FAE04EC0-301F-11D3-BF4B-00C04F79EFBC}") = "Domain", "..\Domain\Domain.csproj", "{9C84E07B-D64D-40EA-B92E-2FD432C5128F}"
EndProject
Project("{FAE04EC0-301F-11D3-BF4B-00C04F79EFBC}") = "Services", "..\Services\Services.csproj", "{0D13E8DF-69EE-411C-B19B-4DE7D1059FF2}"
EndProject
Project("{FAE04EC0-301F-11D3-BF4B-00C04F79EFBC}") = "Repository", "..\Repository\Repository.csproj", "{1D869BA2-C5A0-4132-A580-5F70AA5A48ED}"
EndProject
Global
	GlobalSection(SolutionConfigurationPlatforms) = preSolution
		Debug|Any CPU = Debug|Any CPU
		Release|Any CPU = Release|Any CPU
	EndGlobalSection
	GlobalSection(ProjectConfigurationPlatforms) = postSolution
		{13ACE922-4E36-454A-8174-1684E28676A0}.Debug|Any CPU.ActiveCfg = Debug|Any CPU
		{13ACE922-4E36-454A-8174-1684E28676A0}.Debug|Any CPU.Build.0 = Debug|Any CPU
		{13ACE922-4E36-454A-8174-1684E28676A0}.Release|Any CPU.ActiveCfg = Release|Any CPU
		{13ACE922-4E36-454A-8174-1684E28676A0}.Release|Any CPU.Build.0 = Release|Any CPU
		{9C84E07B-D64D-40EA-B92E-2FD432C5128F}.Debug|Any CPU.ActiveCfg = Debug|Any CPU
		{9C84E07B-D64D-40EA-B92E-2FD432C5128F}.Debug|Any CPU.Build.0 = Debug|Any CPU
		{9C84E07B-D64D-40EA-B92E-2FD432C5128F}.Release|Any CPU.ActiveCfg = Release|Any CPU
		{9C84E07B-D64D-40EA-B92E-2FD432C5128F}.Release|Any CPU.Build.0 = Release|Any CPU
		{0D13E8DF-69EE-411C-B19B-4DE7D1059FF2}.Debug|Any CPU.ActiveCfg = Debug|Any CPU
		{0D13E8DF-69EE-411C-B19B-4DE7D1059FF2}.Debug|Any CPU.Build.0 = Debug|Any CPU
		{0D13E8DF-69EE-411C-B19B-4DE7D1059FF2}.Release|Any CPU.ActiveCfg = Release|Any CPU
		{0D13E8DF-69EE-411C-B19B-4DE7D1059FF2}.Release|Any CPU.Build.0 = Release|Any CPU
		{1D869BA2-C5A0-4132-A580-5F70AA5A48ED}.Debug|Any CPU.ActiveCfg = Debug|Any CPU
		{1D869BA2-C5A0-4132-A580-5F70AA5A48ED}.Debug|Any CPU.Build.0 = Debug|Any CPU
		{1D869BA2-C5A0-4132-A580-5F70AA5A48ED}.Release|Any CPU.ActiveCfg = Release|Any CPU
		{1D869BA2-C5A0-4132-A580-5F70AA5A48ED}.Release|Any CPU.Build.0 = Release|Any CPU
	EndGlobalSection
	GlobalSection(SolutionProperties) = preSolution
		HideSolutionNode = FALSE
	EndGlobalSection
	GlobalSection(NestedProjects) = preSolution
		{9C84E07B-D64D-40EA-B92E-2FD432C5128F} = {BBAAA0BD-8E12-47CF-A8E3-E5900444A116}
		{0D13E8DF-69EE-411C-B19B-4DE7D1059FF2} = {BBAAA0BD-8E12-47CF-A8E3-E5900444A116}
		{1D869BA2-C5A0-4132-A580-5F70AA5A48ED} = {BBAAA0BD-8E12-47CF-A8E3-E5900444A116}
	EndGlobalSection
	GlobalSection(ExtensibilityGlobals) = postSolution
		SolutionGuid = {D9CB57EE-9396-41E0-AA17-1F37A4D5F5E9}
	EndGlobalSection
EndGlobal
